
Microsoft Visual Studio Solution File, Format Version 12.00
# Visual Studio Version 16
VisualStudioVersion = 16.0.31624.102
MinimumVisualStudioVersion = 10.0.40219.1
Project("{9092AA53-FB77-4645-B42D-1CCCA6BD08BD}") = "MongoConnectionFailureDemo_4_0", "MongoConnectionFailureDemo_4_0\MongoConnectionFailureDemo_4_0.njsproj", "{1A34E974-98F9-409B-B2C5-B9CE2431DD41}"
EndProject
Project("{9092AA53-FB77-4645-B42D-1CCCA6BD08BD}") = "MongoConnectionFailureDemo_4_1", "MongoConnectionFailureDemo_4_1\MongoConnectionFailureDemo_4_1.njsproj", "{B2BA6755-0261-4CC6-93F1-1C5A876C6E84}"
EndProject
Project("{9092AA53-FB77-4645-B42D-1CCCA6BD08BD}") = "MongoConnectionFailureDemo_3_6", "MongoConnectionFailureDemo_3_6\MongoConnectionFailureDemo_3_6.njsproj", "{4F50C6DF-669A-41B8-A6E0-B19B078622ED}"
EndProject
Global
	GlobalSection(SolutionConfigurationPlatforms) = preSolution
		Debug|Any CPU = Debug|Any CPU
		Release|Any CPU = Release|Any CPU
	EndGlobalSection
	GlobalSection(ProjectConfigurationPlatforms) = postSolution
		{1A34E974-98F9-409B-B2C5-B9CE2431DD41}.Debug|Any CPU.ActiveCfg = Debug|Any CPU
		{1A34E974-98F9-409B-B2C5-B9CE2431DD41}.Debug|Any CPU.Build.0 = Debug|Any CPU
		{1A34E974-98F9-409B-B2C5-B9CE2431DD41}.Release|Any CPU.ActiveCfg = Release|Any CPU
		{1A34E974-98F9-409B-B2C5-B9CE2431DD41}.Release|Any CPU.Build.0 = Release|Any CPU
		{B2BA6755-0261-4CC6-93F1-1C5A876C6E84}.Debug|Any CPU.ActiveCfg = Debug|Any CPU
		{B2BA6755-0261-4CC6-93F1-1C5A876C6E84}.Debug|Any CPU.Build.0 = Debug|Any CPU
		{B2BA6755-0261-4CC6-93F1-1C5A876C6E84}.Release|Any CPU.ActiveCfg = Release|Any CPU
		{B2BA6755-0261-4CC6-93F1-1C5A876C6E84}.Release|Any CPU.Build.0 = Release|Any CPU
		{4F50C6DF-669A-41B8-A6E0-B19B078622ED}.Debug|Any CPU.ActiveCfg = Debug|Any CPU
		{4F50C6DF-669A-41B8-A6E0-B19B078622ED}.Debug|Any CPU.Build.0 = Debug|Any CPU
		{4F50C6DF-669A-41B8-A6E0-B19B078622ED}.Release|Any CPU.ActiveCfg = Release|Any CPU
		{4F50C6DF-669A-41B8-A6E0-B19B078622ED}.Release|Any CPU.Build.0 = Release|Any CPU
	EndGlobalSection
	GlobalSection(SolutionProperties) = preSolution
		HideSolutionNode = FALSE
	EndGlobalSection
	GlobalSection(ExtensibilityGlobals) = postSolution
		SolutionGuid = {19269D01-393A-436F-9C6B-3964A0BA05DF}
	EndGlobalSection
EndGlobal
